{
  "name": "@hexium-softworks/inputservice",
  "version": "1.0.0",
  "lockfileVersion": 3,
  "requires": true,
  "packages": {
    "": {
      "name": "@hexium-softworks/inputservice",
      "version": "1.0.0",
      "hasInstallScript": true,
      "license": "MIT",
      "dependencies": {
        "@hexium-softworks/log": "^1.0.0",
        "@quenty/loader": "10.11.0",
        "@quenty/table": "^3.9.2"
      },
      "devDependencies": {
        "@quenty/nevermore-test-runner": "1.4.0",
        "@quentystudios/jest-lua": "3.10.0-quenty.2"
      }
    },
    "node_modules/.pnpm/@hexium-softworks+log@1.0.0": {
      "dev": true,
      "optional": true,
      "peer": true
    },
    "node_modules/.pnpm/@hexium-softworks+log@1.0.0/node_modules/@hexium-softworks/log": {
      "version": "1.0.0",
      "hasInstallScript": true,
      "license": "MIT",
      "dependencies": {
        "@quenty/loader": "10.11.0"
      }
    },
    "node_modules/.pnpm/@hexium-softworks+log@1.0.0/node_modules/@quenty/loader": {
      "resolved": "node_modules/.pnpm/@quenty+loader@10.11.0/node_modules/@quenty/loader",
      "link": true
    },
    "node_modules/.pnpm/@quenty+loader@10.11.0/node_modules/@quenty/loader": {
      "version": "10.11.0",
      "hasInstallScript": true,
      "license": "MIT",
      "funding": {
        "type": "patreon",
        "url": "https://www.patreon.com/quenty"
      }
    },
    "node_modules/.pnpm/@quenty+nevermore-test-runner@1.4.0": {
      "dev": true,
      "optional": true,
      "peer": true
    },
    "node_modules/.pnpm/@quenty+nevermore-test-runner@1.4.0/node_modules/@quenty/loader": {
      "resolved": "node_modules/.pnpm/@quenty+loader@10.11.0/node_modules/@quenty/loader",
      "link": true
    },
    "node_modules/.pnpm/@quenty+nevermore-test-runner@1.4.0/node_modules/@quenty/nevermore-test-runner": {
      "version": "1.4.0",
      "dev": true,
      "hasInstallScript": true,
      "license": "MIT",
      "dependencies": {
        "@quenty/loader": "10.11.0",
        "@quentystudios/jest-lua": "3.10.0-quenty.2"
      },
      "funding": {
        "type": "patreon",
        "url": "https://www.patreon.com/quenty"
      }
    },
    "node_modules/.pnpm/@quenty+nevermore-test-runner@1.4.0/node_modules/@quentystudios/jest-lua": {
      "resolved": "node_modules/.pnpm/@quentystudios+jest-lua@3.10.0-quenty.2/node_modules/@quentystudios/jest-lua",
      "link": true
    },
    "node_modules/.pnpm/@quentystudios+jest-lua@3.10.0-quenty.2/node_modules/@quentystudios/jest-lua": {
      "version": "3.10.0-quenty.2",
      "dev": true,
      "license": "ISC"
    },
    "node_modules/@hexium-softworks/log": {
      "resolved": "node_modules/.pnpm/@hexium-softworks+log@1.0.0/node_modules/@hexium-softworks/log",
      "link": true
    },
    "node_modules/@quenty/loader": {
      "resolved": "node_modules/.pnpm/@quenty+loader@10.11.0/node_modules/@quenty/loader",
      "link": true
    },
    "node_modules/@quenty/nevermore-test-runner": {
      "resolved": "node_modules/.pnpm/@quenty+nevermore-test-runner@1.4.0/node_modules/@quenty/nevermore-test-runner",
      "link": true
    },
    "node_modules/@quenty/table": {
      "version": "3.9.2",
      "resolved": "https://registry.npmjs.org/@quenty/table/-/table-3.9.2.tgz",
      "integrity": "sha512-uU0XEiWk2CHtdhcBnM2F7sU7jljD/D0crntozfPLfyl4BOHT3oWNr0HF7IfrKVxVo3WnDj3KBXV6iMmYY6q9vQ==",
      "hasInstallScript": true,
      "license": "MIT",
      "funding": {
        "type": "patreon",
        "url": "https://www.patreon.com/quenty"
      }
    },
    "node_modules/@quentystudios/jest-lua": {
      "resolved": "node_modules/.pnpm/@quentystudios+jest-lua@3.10.0-quenty.2/node_modules/@quentystudios/jest-lua",
      "link": true
    }
  }
}
